
Microsoft Visual Studio Solution File, Format Version 12.00
# Visual Studio Version 17
VisualStudioVersion = 17.2.32616.157
MinimumVisualStudioVersion = 10.0.40219.1
Project("{FAE04EC0-301F-11D3-BF4B-00C04F79EFBC}") = "FriendlyTest", "FriendlyTest\FriendlyTest.csproj", "{DECF0BA9-FF05-4B33-BE96-BC355F22975D}"
EndProject
Global
	GlobalSection(SolutionConfigurationPlatforms) = preSolution
		Debug|Any CPU = Debug|Any CPU
		Release|Any CPU = Release|Any CPU
	EndGlobalSection
	GlobalSection(ProjectConfigurationPlatforms) = postSolution
		{DECF0BA9-FF05-4B33-BE96-BC355F22975D}.Debug|Any CPU.ActiveCfg = Debug|Any CPU
		{DECF0BA9-FF05-4B33-BE96-BC355F22975D}.Debug|Any CPU.Build.0 = Debug|Any CPU
		{DECF0BA9-FF05-4B33-BE96-BC355F22975D}.Release|Any CPU.ActiveCfg = Release|Any CPU
		{DECF0BA9-FF05-4B33-BE96-BC355F22975D}.Release|Any CPU.Build.0 = Release|Any CPU
	EndGlobalSection
	GlobalSection(SolutionProperties) = preSolution
		HideSolutionNode = FALSE
	EndGlobalSection
	GlobalSection(ExtensibilityGlobals) = postSolution
		SolutionGuid = {10824D0C-FAED-474F-8D54-CA11BF943CF7}
	EndGlobalSection
EndGlobal
